// !$*UTF8*$!
{
	archiveVersion = 1;
	classes = {
	};
	objectVersion = 46;
	objects = {

/* Begin PBXBuildFile section */
		C400DA7D14DC7E7900CDEB5C /* Paris.gpx in Resources */ = {isa = PBXBuildFile; fileRef = C400DA7C14DC7E7900CDEB5C /* Paris.gpx */; };
		C400DA7F14DC7EF500CDEB5C /* ClermontFerrand.gpx in Resources */ = {isa = PBXBuildFile; fileRef = C400DA7E14DC7EF500CDEB5C /* ClermontFerrand.gpx */; };
		C400DA8314DC8D6600CDEB5C /* Default-Landscape~ipad.png in Resources */ = {isa = PBXBuildFile; fileRef = C400DA8214DC8D6600CDEB5C /* Default-Landscape~ipad.png */; };
		C46BD72514D96B12005D358B /* UIKit.framework in Frameworks */ = {isa = PBXBuildFile; fileRef = C46BD72414D96B12005D358B /* UIKit.framework */; };
		C46BD72714D96B12005D358B /* Foundation.framework in Frameworks */ = {isa = PBXBuildFile; fileRef = C46BD72614D96B12005D358B /* Foundation.framework */; };
		C46BD72914D96B12005D358B /* CoreGraphics.framework in Frameworks */ = {isa = PBXBuildFile; fileRef = C46BD72814D96B12005D358B /* CoreGraphics.framework */; };
		C46BD72F14D96B12005D358B /* InfoPlist.strings in Resources */ = {isa = PBXBuildFile; fileRef = C46BD72D14D96B12005D358B /* InfoPlist.strings */; };
		C46BD73114D96B12005D358B /* main.m in Sources */ = {isa = PBXBuildFile; fileRef = C46BD73014D96B12005D358B /* main.m */; };
		C46BD73514D96B12005D358B /* AppDelegate.m in Sources */ = {isa = PBXBuildFile; fileRef = C46BD73414D96B12005D358B /* AppDelegate.m */; };
		C46BD73814D96B12005D358B /* MasterViewController.m in Sources */ = {isa = PBXBuildFile; fileRef = C46BD73714D96B12005D358B /* MasterViewController.m */; };
		C46BD73B14D96B12005D358B /* DetailViewController.m in Sources */ = {isa = PBXBuildFile; fileRef = C46BD73A14D96B12005D358B /* DetailViewController.m */; };
		C46BD73E14D96B12005D358B /* MasterViewController_iPhone.xib in Resources */ = {isa = PBXBuildFile; fileRef = C46BD73C14D96B12005D358B /* MasterViewController_iPhone.xib */; };
		C46BD74114D96B12005D358B /* MasterViewController_iPad.xib in Resources */ = {isa = PBXBuildFile; fileRef = C46BD73F14D96B12005D358B /* MasterViewController_iPad.xib */; };
		C46BD74414D96B12005D358B /* DetailViewController_iPhone.xib in Resources */ = {isa = PBXBuildFile; fileRef = C46BD74214D96B12005D358B /* DetailViewController_iPhone.xib */; };
		C46BD74714D96B12005D358B /* DetailViewController_iPad.xib in Resources */ = {isa = PBXBuildFile; fileRef = C46BD74514D96B12005D358B /* DetailViewController_iPad.xib */; };
		C46BD74F14D96B38005D358B /* Town.m in Sources */ = {isa = PBXBuildFile; fileRef = C46BD74E14D96B38005D358B /* Town.m */; };
		C481B43414DBF3CA00B6592A /* Default.png in Resources */ = {isa = PBXBuildFile; fileRef = C481B43314DBF3CA00B6592A /* Default.png */; };
		C481B43614DBF3CC00B6592A /* Default@2x.png in Resources */ = {isa = PBXBuildFile; fileRef = C481B43514DBF3CC00B6592A /* Default@2x.png */; };
		C4A1130F14D9C96C00169C70 /* MapKit.framework in Frameworks */ = {isa = PBXBuildFile; fileRef = C4A1130E14D9C96C00169C70 /* MapKit.framework */; };
		C4A1131214D9CA5E00169C70 /* CoreLocation.framework in Frameworks */ = {isa = PBXBuildFile; fileRef = C4A1131114D9CA5E00169C70 /* CoreLocation.framework */; };
		C4A1131514D9CC5300169C70 /* MapPoint.m in Sources */ = {isa = PBXBuildFile; fileRef = C4A1131414D9CC5300169C70 /* MapPoint.m */; };
		C4A1131714D9FC4B00169C70 /* Icon.png in Resources */ = {isa = PBXBuildFile; fileRef = C4A1131614D9FC4B00169C70 /* Icon.png */; };
		C4A1131914D9FC5900169C70 /* Icon@2x.png in Resources */ = {isa = PBXBuildFile; fileRef = C4A1131814D9FC5900169C70 /* Icon@2x.png */; };
		C4A1131B14D9FC6200169C70 /* Icon-72.png in Resources */ = {isa = PBXBuildFile; fileRef = C4A1131A14D9FC6200169C70 /* Icon-72.png */; };
		C4F00F4914DB4443000BA8DB /* InfosViewController.m in Sources */ = {isa = PBXBuildFile; fileRef = C4F00F4714DB4443000BA8DB /* InfosViewController.m */; };
		C4F00F4A14DB4443000BA8DB /* InfosViewController.xib in Resources */ = {isa = PBXBuildFile; fileRef = C4F00F4814DB4443000BA8DB /* InfosViewController.xib */; };
/* End PBXBuildFile section */

/* Begin PBXFileReference section */
		C400DA7C14DC7E7900CDEB5C /* Paris.gpx */ = {isa = PBXFileReference; fileEncoding = 4; lastKnownFileType = text.xml; path = Paris.gpx; sourceTree = "<group>"; };
		C400DA7E14DC7EF500CDEB5C /* ClermontFerrand.gpx */ = {isa = PBXFileReference; fileEncoding = 4; lastKnownFileType = text.xml; path = ClermontFerrand.gpx; sourceTree = "<group>"; };
		C400DA8214DC8D6600CDEB5C /* Default-Landscape~ipad.png */ = {isa = PBXFileReference; lastKnownFileType = image.png; name = "Default-Landscape~ipad.png"; path = "../Default-Landscape~ipad.png"; sourceTree = "<group>"; };
		C46BD72014D96B12005D358B /* Communes.app */ = {isa = PBXFileReference; explicitFileType = wrapper.application; includeInIndex = 0; path = Communes.app; sourceTree = BUILT_PRODUCTS_DIR; };
		C46BD72414D96B12005D358B /* UIKit.framework */ = {isa = PBXFileReference; lastKnownFileType = wrapper.framework; name = UIKit.framework; path = System/Library/Frameworks/UIKit.framework; sourceTree = SDKROOT; };
		C46BD72614D96B12005D358B /* Foundation.framework */ = {isa = PBXFileReference; lastKnownFileType = wrapper.framework; name = Foundation.framework; path = System/Library/Frameworks/Foundation.framework; sourceTree = SDKROOT; };
		C46BD72814D96B12005D358B /* CoreGraphics.framework */ = {isa = PBXFileReference; lastKnownFileType = wrapper.framework; name = CoreGraphics.framework; path = System/Library/Frameworks/CoreGraphics.framework; sourceTree = SDKROOT; };
		C46BD72C14D96B12005D358B /* Communes-Info.plist */ = {isa = PBXFileReference; lastKnownFileType = text.plist.xml; path = "Communes-Info.plist"; sourceTree = "<group>"; };
		C46BD72E14D96B12005D358B /* en */ = {isa = PBXFileReference; lastKnownFileType = text.plist.strings; name = en; path = en.lproj/InfoPlist.strings; sourceTree = "<group>"; };
		C46BD73014D96B12005D358B /* main.m */ = {isa = PBXFileReference; lastKnownFileType = sourcecode.c.objc; path = main.m; sourceTree = "<group>"; };
		C46BD73214D96B12005D358B /* Communes-Prefix.pch */ = {isa = PBXFileReference; lastKnownFileType = sourcecode.c.h; path = "Communes-Prefix.pch"; sourceTree = "<group>"; };
		C46BD73314D96B12005D358B /* AppDelegate.h */ = {isa = PBXFileReference; lastKnownFileType = sourcecode.c.h; path = AppDelegate.h; sourceTree = "<group>"; };
		C46BD73414D96B12005D358B /* AppDelegate.m */ = {isa = PBXFileReference; lastKnownFileType = sourcecode.c.objc; path = AppDelegate.m; sourceTree = "<group>"; };
		C46BD73614D96B12005D358B /* MasterViewController.h */ = {isa = PBXFileReference; lastKnownFileType = sourcecode.c.h; path = MasterViewController.h; sourceTree = "<group>"; };
		C46BD73714D96B12005D358B /* MasterViewController.m */ = {isa = PBXFileReference; lastKnownFileType = sourcecode.c.objc; path = MasterViewController.m; sourceTree = "<group>"; };
		C46BD73914D96B12005D358B /* DetailViewController.h */ = {isa = PBXFileReference; lastKnownFileType = sourcecode.c.h; path = DetailViewController.h; sourceTree = "<group>"; };
		C46BD73A14D96B12005D358B /* DetailViewController.m */ = {isa = PBXFileReference; lastKnownFileType = sourcecode.c.objc; path = DetailViewController.m; sourceTree = "<group>"; };
		C46BD73D14D96B12005D358B /* en */ = {isa = PBXFileReference; lastKnownFileType = file.xib; name = en; path = en.lproj/MasterViewController_iPhone.xib; sourceTree = "<group>"; };
		C46BD74014D96B12005D358B /* en */ = {isa = PBXFileReference; lastKnownFileType = file.xib; name = en; path = en.lproj/MasterViewController_iPad.xib; sourceTree = "<group>"; };
		C46BD74314D96B12005D358B /* en */ = {isa = PBXFileReference; lastKnownFileType = file.xib; name = en; path = en.lproj/DetailViewController_iPhone.xib; sourceTree = "<group>"; };
		C46BD74614D96B12005D358B /* en */ = {isa = PBXFileReference; lastKnownFileType = file.xib; name = en; path = en.lproj/DetailViewController_iPad.xib; sourceTree = "<group>"; };
		C46BD74D14D96B38005D358B /* Town.h */ = {isa = PBXFileReference; fileEncoding = 4; lastKnownFileType = sourcecode.c.h; path = Town.h; sourceTree = "<group>"; };
		C46BD74E14D96B38005D358B /* Town.m */ = {isa = PBXFileReference; fileEncoding = 4; lastKnownFileType = sourcecode.c.objc; path = Town.m; sourceTree = "<group>"; };
		C481B43314DBF3CA00B6592A /* Default.png */ = {isa = PBXFileReference; lastKnownFileType = image.png; name = Default.png; path = ../Default.png; sourceTree = "<group>"; };
		C481B43514DBF3CC00B6592A /* Default@2x.png */ = {isa = PBXFileReference; lastKnownFileType = image.png; name = "Default@2x.png"; path = "../Default@2x.png"; sourceTree = "<group>"; };
		C4A1130E14D9C96C00169C70 /* MapKit.framework */ = {isa = PBXFileReference; lastKnownFileType = wrapper.framework; name = MapKit.framework; path = System/Library/Frameworks/MapKit.framework; sourceTree = SDKROOT; };
		C4A1131114D9CA5E00169C70 /* CoreLocation.framework */ = {isa = PBXFileReference; lastKnownFileType = wrapper.framework; name = CoreLocation.framework; path = System/Library/Frameworks/CoreLocation.framework; sourceTree = SDKROOT; };
		C4A1131314D9CC5300169C70 /* MapPoint.h */ = {isa = PBXFileReference; fileEncoding = 4; lastKnownFileType = sourcecode.c.h; path = MapPoint.h; sourceTree = "<group>"; };
		C4A1131414D9CC5300169C70 /* MapPoint.m */ = {isa = PBXFileReference; fileEncoding = 4; lastKnownFileType = sourcecode.c.objc; path = MapPoint.m; sourceTree = "<group>"; };
		C4A1131614D9FC4B00169C70 /* Icon.png */ = {isa = PBXFileReference; lastKnownFileType = image.png; name = Icon.png; path = ../Icon.png; sourceTree = "<group>"; };
		C4A1131814D9FC5900169C70 /* Icon@2x.png */ = {isa = PBXFileReference; lastKnownFileType = image.png; name = "Icon@2x.png"; path = "../Icon@2x.png"; sourceTree = "<group>"; };
		C4A1131A14D9FC6200169C70 /* Icon-72.png */ = {isa = PBXFileReference; lastKnownFileType = image.png; name = "Icon-72.png"; path = "../Icon-72.png"; sourceTree = "<group>"; };
		C4F00F4614DB4443000BA8DB /* InfosViewController.h */ = {isa = PBXFileReference; fileEncoding = 4; lastKnownFileType = sourcecode.c.h; path = InfosViewController.h; sourceTree = "<group>"; };
		C4F00F4714DB4443000BA8DB /* InfosViewController.m */ = {isa = PBXFileReference; fileEncoding = 4; lastKnownFileType = sourcecode.c.objc; path = InfosViewController.m; sourceTree = "<group>"; };
		C4F00F4814DB4443000BA8DB /* InfosViewController.xib */ = {isa = PBXFileReference; fileEncoding = 4; lastKnownFileType = file.xib; path = InfosViewController.xib; sourceTree = "<group>"; };
/* End PBXFileReference section */

/* Begin PBXFrameworksBuildPhase section */
		C46BD71D14D96B12005D358B /* Frameworks */ = {
			isa = PBXFrameworksBuildPhase;
			buildActionMask = 2147483647;
			files = (
				C4A1131214D9CA5E00169C70 /* CoreLocation.framework in Frameworks */,
				C4A1130F14D9C96C00169C70 /* MapKit.framework in Frameworks */,
				C46BD72514D96B12005D358B /* UIKit.framework in Frameworks */,
				C46BD72714D96B12005D358B /* Foundation.framework in Frameworks */,
				C46BD72914D96B12005D358B /* CoreGraphics.framework in Frameworks */,
			);
			runOnlyForDeploymentPostprocessing = 0;
		};
/* End PBXFrameworksBuildPhase section */

/* Begin PBXGroup section */
		C400DA7B14DC7E6600CDEB5C /* Locations */ = {
			isa = PBXGroup;
			children = (
				C400DA7C14DC7E7900CDEB5C /* Paris.gpx */,
				C400DA7E14DC7EF500CDEB5C /* ClermontFerrand.gpx */,
			);
			name = Locations;
			sourceTree = "<group>";
		};
		C46BD71514D96B12005D358B = {
			isa = PBXGroup;
			children = (
				C46BD72A14D96B12005D358B /* Communes */,
				C46BD72314D96B12005D358B /* Frameworks */,
				C46BD72114D96B12005D358B /* Products */,
			);
			sourceTree = "<group>";
		};
		C46BD72114D96B12005D358B /* Products */ = {
			isa = PBXGroup;
			children = (
				C46BD72014D96B12005D358B /* Communes.app */,
			);
			name = Products;
			sourceTree = "<group>";
		};
		C46BD72314D96B12005D358B /* Frameworks */ = {
			isa = PBXGroup;
			children = (
				C4A1130E14D9C96C00169C70 /* MapKit.framework */,
				C4A1131114D9CA5E00169C70 /* CoreLocation.framework */,
				C46BD72414D96B12005D358B /* UIKit.framework */,
				C46BD72614D96B12005D358B /* Foundation.framework */,
				C46BD72814D96B12005D358B /* CoreGraphics.framework */,
			);
			name = Frameworks;
			sourceTree = "<group>";
		};
		C46BD72A14D96B12005D358B /* Communes */ = {
			isa = PBXGroup;
			children = (
				C46BD73314D96B12005D358B /* AppDelegate.h */,
				C46BD73414D96B12005D358B /* AppDelegate.m */,
				C4FB6E6A14DB302E0035408B /* Controller */,
				C4FB6E6914DB30160035408B /* Model */,
				C46BD75014D96B4C005D358B /* Resources */,
				C46BD72B14D96B12005D358B /* Supporting Files */,
			);
			path = Communes;
			sourceTree = "<group>";
		};
		C46BD72B14D96B12005D358B /* Supporting Files */ = {
			isa = PBXGroup;
			children = (
				C46BD72C14D96B12005D358B /* Communes-Info.plist */,
				C46BD72D14D96B12005D358B /* InfoPlist.strings */,
				C46BD73014D96B12005D358B /* main.m */,
				C46BD73214D96B12005D358B /* Communes-Prefix.pch */,
			);
			name = "Supporting Files";
			sourceTree = "<group>";
		};
		C46BD75014D96B4C005D358B /* Resources */ = {
			isa = PBXGroup;
			children = (
				C400DA7B14DC7E6600CDEB5C /* Locations */,
				C476C73914D9FD0A009ABBA1 /* Images */,
				C46BD73C14D96B12005D358B /* MasterViewController_iPhone.xib */,
				C46BD73F14D96B12005D358B /* MasterViewController_iPad.xib */,
				C46BD74214D96B12005D358B /* DetailViewController_iPhone.xib */,
				C46BD74514D96B12005D358B /* DetailViewController_iPad.xib */,
				C4F00F4814DB4443000BA8DB /* InfosViewController.xib */,
			);
			name = Resources;
			sourceTree = "<group>";
		};
		C476C73914D9FD0A009ABBA1 /* Images */ = {
			isa = PBXGroup;
			children = (
				C400DA8214DC8D6600CDEB5C /* Default-Landscape~ipad.png */,
				C481B43514DBF3CC00B6592A /* Default@2x.png */,
				C481B43314DBF3CA00B6592A /* Default.png */,
				C4A1131A14D9FC6200169C70 /* Icon-72.png */,
				C4A1131814D9FC5900169C70 /* Icon@2x.png */,
				C4A1131614D9FC4B00169C70 /* Icon.png */,
			);
			name = Images;
			sourceTree = "<group>";
		};
		C4FB6E6914DB30160035408B /* Model */ = {
			isa = PBXGroup;
			children = (
				C46BD74D14D96B38005D358B /* Town.h */,
				C46BD74E14D96B38005D358B /* Town.m */,
				C4A1131314D9CC5300169C70 /* MapPoint.h */,
				C4A1131414D9CC5300169C70 /* MapPoint.m */,
			);
			name = Model;
			sourceTree = "<group>";
		};
		C4FB6E6A14DB302E0035408B /* Controller */ = {
			isa = PBXGroup;
			children = (
				C46BD73614D96B12005D358B /* MasterViewController.h */,
				C46BD73714D96B12005D358B /* MasterViewController.m */,
				C46BD73914D96B12005D358B /* DetailViewController.h */,
				C46BD73A14D96B12005D358B /* DetailViewController.m */,
				C4F00F4614DB4443000BA8DB /* InfosViewController.h */,
				C4F00F4714DB4443000BA8DB /* InfosViewController.m */,
			);
			name = Controller;
			sourceTree = "<group>";
		};
/* End PBXGroup section */

/* Begin PBXNativeTarget section */
		C46BD71F14D96B12005D358B /* Communes */ = {
			isa = PBXNativeTarget;
			buildConfigurationList = C46BD74A14D96B12005D358B /* Build configuration list for PBXNativeTarget "Communes" */;
			buildPhases = (
				C46BD71C14D96B12005D358B /* Sources */,
				C46BD71D14D96B12005D358B /* Frameworks */,
				C46BD71E14D96B12005D358B /* Resources */,
			);
			buildRules = (
			);
			dependencies = (
			);
			name = Communes;
			productName = Communes;
			productReference = C46BD72014D96B12005D358B /* Communes.app */;
			productType = "com.apple.product-type.application";
		};
/* End PBXNativeTarget section */

/* Begin PBXProject section */
		C46BD71714D96B12005D358B /* Project object */ = {
			isa = PBXProject;
			attributes = {
				LastUpgradeCheck = 0420;
				ORGANIZATIONNAME = Bazinga;
			};
			buildConfigurationList = C46BD71A14D96B12005D358B /* Build configuration list for PBXProject "Communes" */;
			compatibilityVersion = "Xcode 3.2";
			developmentRegion = English;
			hasScannedForEncodings = 0;
			knownRegions = (
				en,
			);
			mainGroup = C46BD71514D96B12005D358B;
			productRefGroup = C46BD72114D96B12005D358B /* Products */;
			projectDirPath = "";
			projectRoot = "";
			targets = (
				C46BD71F14D96B12005D358B /* Communes */,
			);
		};
/* End PBXProject section */

/* Begin PBXResourcesBuildPhase section */
		C46BD71E14D96B12005D358B /* Resources */ = {
			isa = PBXResourcesBuildPhase;
			buildActionMask = 2147483647;
			files = (
				C46BD72F14D96B12005D358B /* InfoPlist.strings in Resources */,
				C46BD73E14D96B12005D358B /* MasterViewController_iPhone.xib in Resources */,
				C46BD74114D96B12005D358B /* MasterViewController_iPad.xib in Resources */,
				C46BD74414D96B12005D358B /* DetailViewController_iPhone.xib in Resources */,
				C46BD74714D96B12005D358B /* DetailViewController_iPad.xib in Resources */,
				C4A1131714D9FC4B00169C70 /* Icon.png in Resources */,
				C4A1131914D9FC5900169C70 /* Icon@2x.png in Resources */,
				C4A1131B14D9FC6200169C70 /* Icon-72.png in Resources */,
				C4F00F4A14DB4443000BA8DB /* InfosViewController.xib in Resources */,
				C481B43414DBF3CA00B6592A /* Default.png in Resources */,
				C481B43614DBF3CC00B6592A /* Default@2x.png in Resources */,
				C400DA7D14DC7E7900CDEB5C /* Paris.gpx in Resources */,
				C400DA7F14DC7EF500CDEB5C /* ClermontFerrand.gpx in Resources */,
				C400DA8314DC8D6600CDEB5C /* Default-Landscape~ipad.png in Resources */,
			);
			runOnlyForDeploymentPostprocessing = 0;
		};
/* End PBXResourcesBuildPhase section */

/* Begin PBXSourcesBuildPhase section */
		C46BD71C14D96B12005D358B /* Sources */ = {
			isa = PBXSourcesBuildPhase;
			buildActionMask = 2147483647;
			files = (
				C46BD73114D96B12005D358B /* main.m in Sources */,
				C46BD73514D96B12005D358B /* AppDelegate.m in Sources */,
				C46BD73814D96B12005D358B /* MasterViewController.m in Sources */,
				C46BD73B14D96B12005D358B /* DetailViewController.m in Sources */,
				C46BD74F14D96B38005D358B /* Town.m in Sources */,
				C4A1131514D9CC5300169C70 /* MapPoint.m in Sources */,
				C4F00F4914DB4443000BA8DB /* InfosViewController.m in Sources */,
			);
			runOnlyForDeploymentPostprocessing = 0;
		};
/* End PBXSourcesBuildPhase section */

/* Begin PBXVariantGroup section */
		C46BD72D14D96B12005D358B /* InfoPlist.strings */ = {
			isa = PBXVariantGroup;
			children = (
				C46BD72E14D96B12005D358B /* en */,
			);
			name = InfoPlist.strings;
			sourceTree = "<group>";
		};
		C46BD73C14D96B12005D358B /* MasterViewController_iPhone.xib */ = {
			isa = PBXVariantGroup;
			children = (
				C46BD73D14D96B12005D358B /* en */,
			);
			name = MasterViewController_iPhone.xib;
			sourceTree = "<group>";
		};
		C46BD73F14D96B12005D358B /* MasterViewController_iPad.xib */ = {
			isa = PBXVariantGroup;
			children = (
				C46BD74014D96B12005D358B /* en */,
			);
			name = MasterViewController_iPad.xib;
			sourceTree = "<group>";
		};
		C46BD74214D96B12005D358B /* DetailViewController_iPhone.xib */ = {
			isa = PBXVariantGroup;
			children = (
				C46BD74314D96B12005D358B /* en */,
			);
			name = DetailViewController_iPhone.xib;
			sourceTree = "<group>";
		};
		C46BD74514D96B12005D358B /* DetailViewController_iPad.xib */ = {
			isa = PBXVariantGroup;
			children = (
				C46BD74614D96B12005D358B /* en */,
			);
			name = DetailViewController_iPad.xib;
			sourceTree = "<group>";
		};
/* End PBXVariantGroup section */

/* Begin XCBuildConfiguration section */
		C46BD74814D96B12005D358B /* Debug */ = {
			isa = XCBuildConfiguration;
			buildSettings = {
				ALWAYS_SEARCH_USER_PATHS = NO;
				ARCHS = "$(ARCHS_STANDARD_32_BIT)";
				"CODE_SIGN_IDENTITY[sdk=iphoneos*]" = "iPhone Developer";
				COPY_PHASE_STRIP = NO;
				GCC_C_LANGUAGE_STANDARD = gnu99;
				GCC_DYNAMIC_NO_PIC = NO;
				GCC_OPTIMIZATION_LEVEL = 0;
				GCC_PREPROCESSOR_DEFINITIONS = (
					"DEBUG=1",
					"$(inherited)",
				);
				GCC_SYMBOLS_PRIVATE_EXTERN = NO;
				GCC_VERSION = com.apple.compilers.llvm.clang.1_0;
				GCC_WARN_ABOUT_MISSING_PROTOTYPES = YES;
				GCC_WARN_ABOUT_RETURN_TYPE = YES;
				GCC_WARN_UNUSED_VARIABLE = YES;
				IPHONEOS_DEPLOYMENT_TARGET = 5.0;
				SDKROOT = iphoneos;
				TARGETED_DEVICE_FAMILY = "1,2";
			};
			name = Debug;
		};
		C46BD74914D96B12005D358B /* Release */ = {
			isa = XCBuildConfiguration;
			buildSettings = {
				ALWAYS_SEARCH_USER_PATHS = NO;
				ARCHS = "$(ARCHS_STANDARD_32_BIT)";
				"CODE_SIGN_IDENTITY[sdk=iphoneos*]" = "iPhone Developer";
				COPY_PHASE_STRIP = YES;
				GCC_C_LANGUAGE_STANDARD = gnu99;
				GCC_VERSION = com.apple.compilers.llvm.clang.1_0;
				GCC_WARN_ABOUT_MISSING_PROTOTYPES = YES;
				GCC_WARN_ABOUT_RETURN_TYPE = YES;
				GCC_WARN_UNUSED_VARIABLE = YES;
				IPHONEOS_DEPLOYMENT_TARGET = 5.0;
				OTHER_CFLAGS = "-DNS_BLOCK_ASSERTIONS=1";
				SDKROOT = iphoneos;
				TARGETED_DEVICE_FAMILY = "1,2";
				VALIDATE_PRODUCT = YES;
			};
			name = Release;
		};
		C46BD74B14D96B12005D358B /* Debug */ = {
			isa = XCBuildConfiguration;
			buildSettings = {
				GCC_PRECOMPILE_PREFIX_HEADER = YES;
				GCC_PREFIX_HEADER = "Communes/Communes-Prefix.pch";
				INFOPLIST_FILE = "Communes/Communes-Info.plist";
				PRODUCT_NAME = "$(TARGET_NAME)";
				WRAPPER_EXTENSION = app;
			};
			name = Debug;
		};
		C46BD74C14D96B12005D358B /* Release */ = {
			isa = XCBuildConfiguration;
			buildSettings = {
				GCC_PRECOMPILE_PREFIX_HEADER = YES;
				GCC_PREFIX_HEADER = "Communes/Communes-Prefix.pch";
				INFOPLIST_FILE = "Communes/Communes-Info.plist";
				PRODUCT_NAME = "$(TARGET_NAME)";
				WRAPPER_EXTENSION = app;
			};
			name = Release;
		};
/* End XCBuildConfiguration section */

/* Begin XCConfigurationList section */
		C46BD71A14D96B12005D358B /* Build configuration list for PBXProject "Communes" */ = {
			isa = XCConfigurationList;
			buildConfigurations = (
				C46BD74814D96B12005D358B /* Debug */,
				C46BD74914D96B12005D358B /* Release */,
			);
			defaultConfigurationIsVisible = 0;
			defaultConfigurationName = Release;
		};
		C46BD74A14D96B12005D358B /* Build configuration list for PBXNativeTarget "Communes" */ = {
			isa = XCConfigurationList;
			buildConfigurations = (
				C46BD74B14D96B12005D358B /* Debug */,
				C46BD74C14D96B12005D358B /* Release */,
			);
			defaultConfigurationIsVisible = 0;
			defaultConfigurationName = Release;
		};
/* End XCConfigurationList section */
	};
	rootObject = C46BD71714D96B12005D358B /* Project object */;
}
